
Microsoft Visual Studio Solution File, Format Version 12.00
# Visual Studio Version 17
VisualStudioVersion = 17.9.34902.65
MinimumVisualStudioVersion = 10.0.40219.1
Project("{FAE04EC0-301F-11D3-BF4B-00C04F79EFBC}") = "foodoProject", "foodoProject\foodoProject.csproj", "{9E58E9C6-5DF0-4FD9-A7D5-D7B94678B9EB}"
EndProject
Global
	GlobalSection(SolutionConfigurationPlatforms) = preSolution
		Debug|Any CPU = Debug|Any CPU
		Release|Any CPU = Release|Any CPU
	EndGlobalSection
	GlobalSection(ProjectConfigurationPlatforms) = postSolution
		{9E58E9C6-5DF0-4FD9-A7D5-D7B94678B9EB}.Debug|Any CPU.ActiveCfg = Debug|Any CPU
		{9E58E9C6-5DF0-4FD9-A7D5-D7B94678B9EB}.Debug|Any CPU.Build.0 = Debug|Any CPU
		{9E58E9C6-5DF0-4FD9-A7D5-D7B94678B9EB}.Release|Any CPU.ActiveCfg = Release|Any CPU
		{9E58E9C6-5DF0-4FD9-A7D5-D7B94678B9EB}.Release|Any CPU.Build.0 = Release|Any CPU
	EndGlobalSection
	GlobalSection(SolutionProperties) = preSolution
		HideSolutionNode = FALSE
	EndGlobalSection
	GlobalSection(ExtensibilityGlobals) = postSolution
		SolutionGuid = {1536D94C-3A29-441B-8F8F-335ECDC56C33}
	EndGlobalSection
EndGlobal
